// !$*UTF8*$!
{
	archiveVersion = 1;
	classes = {
	};
	objectVersion = 46;
	objects = {

/* Begin PBXBuildFile section */
		62896F941D1673D400D0C624 /* AppDelegate.swift in Sources */ = {isa = PBXBuildFile; fileRef = 62896F931D1673D400D0C624 /* AppDelegate.swift */; };
		62896F961D1673D400D0C624 /* ViewController.swift in Sources */ = {isa = PBXBuildFile; fileRef = 62896F951D1673D400D0C624 /* ViewController.swift */; };
		62896F9B1D1673D400D0C624 /* Assets.xcassets in Resources */ = {isa = PBXBuildFile; fileRef = 62896F9A1D1673D400D0C624 /* Assets.xcassets */; };
		62896F9E1D1673D400D0C624 /* LaunchScreen.storyboard in Resources */ = {isa = PBXBuildFile; fileRef = 62896F9C1D1673D400D0C624 /* LaunchScreen.storyboard */; };
		62896FA61D167E5200D0C624 /* ChildController.swift in Sources */ = {isa = PBXBuildFile; fileRef = 62896FA51D167E5200D0C624 /* ChildController.swift */; };
		62896FA81D16859000D0C624 /* Android.js in Resources */ = {isa = PBXBuildFile; fileRef = 62896FA71D16859000D0C624 /* Android.js */; };
		62896FAB1D16E6B700D0C624 /* FbController.swift in Sources */ = {isa = PBXBuildFile; fileRef = 62896FAA1D16E6B700D0C624 /* FbController.swift */; };
		62896FAD1D16FA1600D0C624 /* facebook.png in Resources */ = {isa = PBXBuildFile; fileRef = 62896FAC1D16FA1600D0C624 /* facebook.png */; };
/* End PBXBuildFile section */

/* Begin PBXFileReference section */
		62896F901D1673D400D0C624 /* facebook-light.app */ = {isa = PBXFileReference; explicitFileType = wrapper.application; includeInIndex = 0; path = "facebook-light.app"; sourceTree = BUILT_PRODUCTS_DIR; };
		62896F931D1673D400D0C624 /* AppDelegate.swift */ = {isa = PBXFileReference; lastKnownFileType = sourcecode.swift; path = AppDelegate.swift; sourceTree = "<group>"; };
		62896F951D1673D400D0C624 /* ViewController.swift */ = {isa = PBXFileReference; lastKnownFileType = sourcecode.swift; path = ViewController.swift; sourceTree = "<group>"; };
		62896F9A1D1673D400D0C624 /* Assets.xcassets */ = {isa = PBXFileReference; lastKnownFileType = folder.assetcatalog; path = Assets.xcassets; sourceTree = "<group>"; };
		62896F9D1D1673D400D0C624 /* Base */ = {isa = PBXFileReference; lastKnownFileType = file.storyboard; name = Base; path = Base.lproj/LaunchScreen.storyboard; sourceTree = "<group>"; };
		62896F9F1D1673D400D0C624 /* Info.plist */ = {isa = PBXFileReference; lastKnownFileType = text.plist.xml; path = Info.plist; sourceTree = "<group>"; };
		62896FA51D167E5200D0C624 /* ChildController.swift */ = {isa = PBXFileReference; fileEncoding = 4; lastKnownFileType = sourcecode.swift; path = ChildController.swift; sourceTree = "<group>"; };
		62896FA71D16859000D0C624 /* Android.js */ = {isa = PBXFileReference; fileEncoding = 4; lastKnownFileType = sourcecode.javascript; path = Android.js; sourceTree = "<group>"; };
		62896FAA1D16E6B700D0C624 /* FbController.swift */ = {isa = PBXFileReference; fileEncoding = 4; lastKnownFileType = sourcecode.swift; path = FbController.swift; sourceTree = "<group>"; };
		62896FAC1D16FA1600D0C624 /* facebook.png */ = {isa = PBXFileReference; lastKnownFileType = image.png; path = facebook.png; sourceTree = "<group>"; };
/* End PBXFileReference section */

/* Begin PBXFrameworksBuildPhase section */
		62896F8D1D1673D400D0C624 /* Frameworks */ = {
			isa = PBXFrameworksBuildPhase;
			buildActionMask = 2147483647;
			files = (
			);
			runOnlyForDeploymentPostprocessing = 0;
		};
/* End PBXFrameworksBuildPhase section */

/* Begin PBXGroup section */
		62896F871D1673D400D0C624 = {
			isa = PBXGroup;
			children = (
				62896F921D1673D400D0C624 /* facebook-light */,
				62896F911D1673D400D0C624 /* Products */,
			);
			sourceTree = "<group>";
		};
		62896F911D1673D400D0C624 /* Products */ = {
			isa = PBXGroup;
			children = (
				62896F901D1673D400D0C624 /* facebook-light.app */,
			);
			name = Products;
			sourceTree = "<group>";
		};
		62896F921D1673D400D0C624 /* facebook-light */ = {
			isa = PBXGroup;
			children = (
				62896F931D1673D400D0C624 /* AppDelegate.swift */,
				62896FAA1D16E6B700D0C624 /* FbController.swift */,
				62896F951D1673D400D0C624 /* ViewController.swift */,
				62896FA51D167E5200D0C624 /* ChildController.swift */,
				62896FA71D16859000D0C624 /* Android.js */,
				62896F9A1D1673D400D0C624 /* Assets.xcassets */,
				62896F9C1D1673D400D0C624 /* LaunchScreen.storyboard */,
				62896F9F1D1673D400D0C624 /* Info.plist */,
				62896FAC1D16FA1600D0C624 /* facebook.png */,
			);
			path = "facebook-light";
			sourceTree = "<group>";
		};
/* End PBXGroup section */

/* Begin PBXNativeTarget section */
		62896F8F1D1673D400D0C624 /* facebook-light */ = {
			isa = PBXNativeTarget;
			buildConfigurationList = 62896FA21D1673D400D0C624 /* Build configuration list for PBXNativeTarget "facebook-light" */;
			buildPhases = (
				62896F8C1D1673D400D0C624 /* Sources */,
				62896F8D1D1673D400D0C624 /* Frameworks */,
				62896F8E1D1673D400D0C624 /* Resources */,
			);
			buildRules = (
			);
			dependencies = (
			);
			name = "facebook-light";
			productName = "facebook-light";
			productReference = 62896F901D1673D400D0C624 /* facebook-light.app */;
			productType = "com.apple.product-type.application";
		};
/* End PBXNativeTarget section */

/* Begin PBXProject section */
		62896F881D1673D400D0C624 /* Project object */ = {
			isa = PBXProject;
			attributes = {
				LastSwiftUpdateCheck = 0730;
				LastUpgradeCheck = 0730;
				ORGANIZATIONNAME = "Elshad Yarmetov";
				TargetAttributes = {
					62896F8F1D1673D400D0C624 = {
						CreatedOnToolsVersion = 7.3.1;
						DevelopmentTeam = MP6ML4FK47;
					};
				};
			};
			buildConfigurationList = 62896F8B1D1673D400D0C624 /* Build configuration list for PBXProject "facebook-light" */;
			compatibilityVersion = "Xcode 3.2";
			developmentRegion = English;
			hasScannedForEncodings = 0;
			knownRegions = (
				en,
				Base,
			);
			mainGroup = 62896F871D1673D400D0C624;
			productRefGroup = 62896F911D1673D400D0C624 /* Products */;
			projectDirPath = "";
			projectRoot = "";
			targets = (
				62896F8F1D1673D400D0C624 /* facebook-light */,
			);
		};
/* End PBXProject section */

/* Begin PBXResourcesBuildPhase section */
		62896F8E1D1673D400D0C624 /* Resources */ = {
			isa = PBXResourcesBuildPhase;
			buildActionMask = 2147483647;
			files = (
				62896FA81D16859000D0C624 /* Android.js in Resources */,
				62896FAD1D16FA1600D0C624 /* facebook.png in Resources */,
				62896F9E1D1673D400D0C624 /* LaunchScreen.storyboard in Resources */,
				62896F9B1D1673D400D0C624 /* Assets.xcassets in Resources */,
			);
			runOnlyForDeploymentPostprocessing = 0;
		};
/* End PBXResourcesBuildPhase section */

/* Begin PBXSourcesBuildPhase section */
		62896F8C1D1673D400D0C624 /* Sources */ = {
			isa = PBXSourcesBuildPhase;
			buildActionMask = 2147483647;
			files = (
				62896F961D1673D400D0C624 /* ViewController.swift in Sources */,
				62896FAB1D16E6B700D0C624 /* FbController.swift in Sources */,
				62896FA61D167E5200D0C624 /* ChildController.swift in Sources */,
				62896F941D1673D400D0C624 /* AppDelegate.swift in Sources */,
			);
			runOnlyForDeploymentPostprocessing = 0;
		};
/* End PBXSourcesBuildPhase section */

/* Begin PBXVariantGroup section */
		62896F9C1D1673D400D0C624 /* LaunchScreen.storyboard */ = {
			isa = PBXVariantGroup;
			children = (
				62896F9D1D1673D400D0C624 /* Base */,
			);
			name = LaunchScreen.storyboard;
			sourceTree = "<group>";
		};
/* End PBXVariantGroup section */

/* Begin XCBuildConfiguration section */
		62896FA01D1673D400D0C624 /* Debug */ = {
			isa = XCBuildConfiguration;
			buildSettings = {
				ALWAYS_SEARCH_USER_PATHS = NO;
				CLANG_ANALYZER_NONNULL = YES;
				CLANG_CXX_LANGUAGE_STANDARD = "gnu++0x";
				CLANG_CXX_LIBRARY = "libc++";
				CLANG_ENABLE_MODULES = YES;
				CLANG_ENABLE_OBJC_ARC = YES;
				CLANG_WARN_BOOL_CONVERSION = YES;
				CLANG_WARN_CONSTANT_CONVERSION = YES;
				CLANG_WARN_DIRECT_OBJC_ISA_USAGE = YES_ERROR;
				CLANG_WARN_EMPTY_BODY = YES;
				CLANG_WARN_ENUM_CONVERSION = YES;
				CLANG_WARN_INT_CONVERSION = YES;
				CLANG_WARN_OBJC_ROOT_CLASS = YES_ERROR;
				CLANG_WARN_UNREACHABLE_CODE = YES;
				CLANG_WARN__DUPLICATE_METHOD_MATCH = YES;
				"CODE_SIGN_IDENTITY[sdk=iphoneos*]" = "iPhone Developer";
				COPY_PHASE_STRIP = NO;
				DEBUG_INFORMATION_FORMAT = dwarf;
				ENABLE_STRICT_OBJC_MSGSEND = YES;
				ENABLE_TESTABILITY = YES;
				GCC_C_LANGUAGE_STANDARD = gnu99;
				GCC_DYNAMIC_NO_PIC = NO;
				GCC_NO_COMMON_BLOCKS = YES;
				GCC_OPTIMIZATION_LEVEL = 0;
				GCC_PREPROCESSOR_DEFINITIONS = (
					"DEBUG=1",
					"$(inherited)",
				);
				GCC_WARN_64_TO_32_BIT_CONVERSION = YES;
				GCC_WARN_ABOUT_RETURN_TYPE = YES_ERROR;
				GCC_WARN_UNDECLARED_SELECTOR = YES;
				GCC_WARN_UNINITIALIZED_AUTOS = YES_AGGRESSIVE;
				GCC_WARN_UNUSED_FUNCTION = YES;
				GCC_WARN_UNUSED_VARIABLE = YES;
				IPHONEOS_DEPLOYMENT_TARGET = 9.3;
				MTL_ENABLE_DEBUG_INFO = YES;
				ONLY_ACTIVE_ARCH = YES;
				SDKROOT = iphoneos;
				SWIFT_OPTIMIZATION_LEVEL = "-Onone";
				TARGETED_DEVICE_FAMILY = "1,2";
			};
			name = Debug;
		};
		62896FA11D1673D400D0C624 /* Release */ = {
			isa = XCBuildConfiguration;
			buildSettings = {
				ALWAYS_SEARCH_USER_PATHS = NO;
				CLANG_ANALYZER_NONNULL = YES;
				CLANG_CXX_LANGUAGE_STANDARD = "gnu++0x";
				CLANG_CXX_LIBRARY = "libc++";
				CLANG_ENABLE_MODULES = YES;
				CLANG_ENABLE_OBJC_ARC = YES;
				CLANG_WARN_BOOL_CONVERSION = YES;
				CLANG_WARN_CONSTANT_CONVERSION = YES;
				CLANG_WARN_DIRECT_OBJC_ISA_USAGE = YES_ERROR;
				CLANG_WARN_EMPTY_BODY = YES;
				CLANG_WARN_ENUM_CONVERSION = YES;
				CLANG_WARN_INT_CONVERSION = YES;
				CLANG_WARN_OBJC_ROOT_CLASS = YES_ERROR;
				CLANG_WARN_UNREACHABLE_CODE = YES;
				CLANG_WARN__DUPLICATE_METHOD_MATCH = YES;
				"CODE_SIGN_IDENTITY[sdk=iphoneos*]" = "iPhone Developer";
				COPY_PHASE_STRIP = NO;
				DEBUG_INFORMATION_FORMAT = "dwarf-with-dsym";
				ENABLE_NS_ASSERTIONS = NO;
				ENABLE_STRICT_OBJC_MSGSEND = YES;
				GCC_C_LANGUAGE_STANDARD = gnu99;
				GCC_NO_COMMON_BLOCKS = YES;
				GCC_WARN_64_TO_32_BIT_CONVERSION = YES;
				GCC_WARN_ABOUT_RETURN_TYPE = YES_ERROR;
				GCC_WARN_UNDECLARED_SELECTOR = YES;
				GCC_WARN_UNINITIALIZED_AUTOS = YES_AGGRESSIVE;
				GCC_WARN_UNUSED_FUNCTION = YES;
				GCC_WARN_UNUSED_VARIABLE = YES;
				IPHONEOS_DEPLOYMENT_TARGET = 9.3;
				MTL_ENABLE_DEBUG_INFO = NO;
				SDKROOT = iphoneos;
				TARGETED_DEVICE_FAMILY = "1,2";
				VALIDATE_PRODUCT = YES;
			};
			name = Release;
		};
		62896FA31D1673D400D0C624 /* Debug */ = {
			isa = XCBuildConfiguration;
			buildSettings = {
				ASSETCATALOG_COMPILER_APPICON_NAME = AppIcon;
				CODE_SIGN_IDENTITY = "iPhone Developer";
				"CODE_SIGN_IDENTITY[sdk=iphoneos*]" = "iPhone Developer";
				INFOPLIST_FILE = "facebook-light/Info.plist";
				IPHONEOS_DEPLOYMENT_TARGET = 8.0;
				LD_RUNPATH_SEARCH_PATHS = "$(inherited) @executable_path/Frameworks";
				PRODUCT_BUNDLE_IDENTIFIER = "az.ios.facebook-light";
				PRODUCT_NAME = "$(TARGET_NAME)";
				PROVISIONING_PROFILE = "";
			};
			name = Debug;
		};
		62896FA41D1673D400D0C624 /* Release */ = {
			isa = XCBuildConfiguration;
			buildSettings = {
				ASSETCATALOG_COMPILER_APPICON_NAME = AppIcon;
				CODE_SIGN_IDENTITY = "iPhone Developer";
				"CODE_SIGN_IDENTITY[sdk=iphoneos*]" = "iPhone Developer";
				INFOPLIST_FILE = "facebook-light/Info.plist";
				IPHONEOS_DEPLOYMENT_TARGET = 8.0;
				LD_RUNPATH_SEARCH_PATHS = "$(inherited) @executable_path/Frameworks";
				PRODUCT_BUNDLE_IDENTIFIER = "az.ios.facebook-light";
				PRODUCT_NAME = "$(TARGET_NAME)";
				PROVISIONING_PROFILE = "";
			};
			name = Release;
		};
/* End XCBuildConfiguration section */

/* Begin XCConfigurationList section */
		62896F8B1D1673D400D0C624 /* Build configuration list for PBXProject "facebook-light" */ = {
			isa = XCConfigurationList;
			buildConfigurations = (
				62896FA01D1673D400D0C624 /* Debug */,
				62896FA11D1673D400D0C624 /* Release */,
			);
			defaultConfigurationIsVisible = 0;
			defaultConfigurationName = Release;
		};
		62896FA21D1673D400D0C624 /* Build configuration list for PBXNativeTarget "facebook-light" */ = {
			isa = XCConfigurationList;
			buildConfigurations = (
				62896FA31D1673D400D0C624 /* Debug */,
				62896FA41D1673D400D0C624 /* Release */,
			);
			defaultConfigurationIsVisible = 0;
		};
/* End XCConfigurationList section */
	};
	rootObject = 62896F881D1673D400D0C624 /* Project object */;
}
